// !$*UTF8*$!
{
	archiveVersion = 1;
	classes = {
	};
	objectVersion = 50;
	objects = {

/* Begin PBXBuildFile section */
		E394BC4920B2B7FF00CE0330 /* AppDelegate.m in Sources */ = {isa = PBXBuildFile; fileRef = E394BC4820B2B7FF00CE0330 /* AppDelegate.m */; };
		E394BC4C20B2B7FF00CE0330 /* ViewController.m in Sources */ = {isa = PBXBuildFile; fileRef = E394BC4B20B2B7FF00CE0330 /* ViewController.m */; };
		E394BC4F20B2B7FF00CE0330 /* Main.storyboard in Resources */ = {isa = PBXBuildFile; fileRef = E394BC4D20B2B7FF00CE0330 /* Main.storyboard */; };
		E394BC5120B2B80000CE0330 /* Assets.xcassets in Resources */ = {isa = PBXBuildFile; fileRef = E394BC5020B2B80000CE0330 /* Assets.xcassets */; };
		E394BC5420B2B80000CE0330 /* LaunchScreen.storyboard in Resources */ = {isa = PBXBuildFile; fileRef = E394BC5220B2B80000CE0330 /* LaunchScreen.storyboard */; };
		E394BC5720B2B80000CE0330 /* main.m in Sources */ = {isa = PBXBuildFile; fileRef = E394BC5620B2B80000CE0330 /* main.m */; };
		E394BC5F20B2B8ED00CE0330 /* JSAlertView.m in Sources */ = {isa = PBXBuildFile; fileRef = E394BC5E20B2B8ED00CE0330 /* JSAlertView.m */; };
/* End PBXBuildFile section */

/* Begin PBXFileReference section */
		E394BC4420B2B7FF00CE0330 /* Sample.app */ = {isa = PBXFileReference; explicitFileType = wrapper.application; includeInIndex = 0; path = Sample.app; sourceTree = BUILT_PRODUCTS_DIR; };
		E394BC4720B2B7FF00CE0330 /* AppDelegate.h */ = {isa = PBXFileReference; lastKnownFileType = sourcecode.c.h; path = AppDelegate.h; sourceTree = "<group>"; };
		E394BC4820B2B7FF00CE0330 /* AppDelegate.m */ = {isa = PBXFileReference; lastKnownFileType = sourcecode.c.objc; path = AppDelegate.m; sourceTree = "<group>"; };
		E394BC4A20B2B7FF00CE0330 /* ViewController.h */ = {isa = PBXFileReference; lastKnownFileType = sourcecode.c.h; path = ViewController.h; sourceTree = "<group>"; };
		E394BC4B20B2B7FF00CE0330 /* ViewController.m */ = {isa = PBXFileReference; lastKnownFileType = sourcecode.c.objc; path = ViewController.m; sourceTree = "<group>"; };
		E394BC4E20B2B7FF00CE0330 /* Base */ = {isa = PBXFileReference; lastKnownFileType = file.storyboard; name = Base; path = Base.lproj/Main.storyboard; sourceTree = "<group>"; };
		E394BC5020B2B80000CE0330 /* Assets.xcassets */ = {isa = PBXFileReference; lastKnownFileType = folder.assetcatalog; path = Assets.xcassets; sourceTree = "<group>"; };
		E394BC5320B2B80000CE0330 /* Base */ = {isa = PBXFileReference; lastKnownFileType = file.storyboard; name = Base; path = Base.lproj/LaunchScreen.storyboard; sourceTree = "<group>"; };
		E394BC5520B2B80000CE0330 /* Info.plist */ = {isa = PBXFileReference; lastKnownFileType = text.plist.xml; path = Info.plist; sourceTree = "<group>"; };
		E394BC5620B2B80000CE0330 /* main.m */ = {isa = PBXFileReference; lastKnownFileType = sourcecode.c.objc; path = main.m; sourceTree = "<group>"; };
		E394BC5D20B2B8ED00CE0330 /* JSAlertView.h */ = {isa = PBXFileReference; fileEncoding = 4; lastKnownFileType = sourcecode.c.h; path = JSAlertView.h; sourceTree = "<group>"; };
		E394BC5E20B2B8ED00CE0330 /* JSAlertView.m */ = {isa = PBXFileReference; fileEncoding = 4; lastKnownFileType = sourcecode.c.objc; path = JSAlertView.m; sourceTree = "<group>"; };
/* End PBXFileReference section */

/* Begin PBXFrameworksBuildPhase section */
		E394BC4120B2B7FF00CE0330 /* Frameworks */ = {
			isa = PBXFrameworksBuildPhase;
			buildActionMask = 2147483647;
			files = (
			);
			runOnlyForDeploymentPostprocessing = 0;
		};
/* End PBXFrameworksBuildPhase section */

/* Begin PBXGroup section */
		E394BC3B20B2B7FF00CE0330 = {
			isa = PBXGroup;
			children = (
				E394BC4620B2B7FF00CE0330 /* Sample */,
				E394BC4520B2B7FF00CE0330 /* Products */,
			);
			sourceTree = "<group>";
		};
		E394BC4520B2B7FF00CE0330 /* Products */ = {
			isa = PBXGroup;
			children = (
				E394BC4420B2B7FF00CE0330 /* Sample.app */,
			);
			name = Products;
			sourceTree = "<group>";
		};
		E394BC4620B2B7FF00CE0330 /* Sample */ = {
			isa = PBXGroup;
			children = (
				E394BC5D20B2B8ED00CE0330 /* JSAlertView.h */,
				E394BC5E20B2B8ED00CE0330 /* JSAlertView.m */,
				E394BC4720B2B7FF00CE0330 /* AppDelegate.h */,
				E394BC4820B2B7FF00CE0330 /* AppDelegate.m */,
				E394BC4A20B2B7FF00CE0330 /* ViewController.h */,
				E394BC4B20B2B7FF00CE0330 /* ViewController.m */,
				E394BC4D20B2B7FF00CE0330 /* Main.storyboard */,
				E394BC5020B2B80000CE0330 /* Assets.xcassets */,
				E394BC5220B2B80000CE0330 /* LaunchScreen.storyboard */,
				E394BC5520B2B80000CE0330 /* Info.plist */,
				E394BC5620B2B80000CE0330 /* main.m */,
			);
			path = Sample;
			sourceTree = "<group>";
		};
/* End PBXGroup section */

/* Begin PBXNativeTarget section */
		E394BC4320B2B7FF00CE0330 /* Sample */ = {
			isa = PBXNativeTarget;
			buildConfigurationList = E394BC5A20B2B80000CE0330 /* Build configuration list for PBXNativeTarget "Sample" */;
			buildPhases = (
				E394BC4020B2B7FF00CE0330 /* Sources */,
				E394BC4120B2B7FF00CE0330 /* Frameworks */,
				E394BC4220B2B7FF00CE0330 /* Resources */,
			);
			buildRules = (
			);
			dependencies = (
			);
			name = Sample;
			productName = Sample;
			productReference = E394BC4420B2B7FF00CE0330 /* Sample.app */;
			productType = "com.apple.product-type.application";
		};
/* End PBXNativeTarget section */

/* Begin PBXProject section */
		E394BC3C20B2B7FF00CE0330 /* Project object */ = {
			isa = PBXProject;
			attributes = {
				LastUpgradeCheck = 0930;
				ORGANIZATIONNAME = coinplug;
				TargetAttributes = {
					E394BC4320B2B7FF00CE0330 = {
						CreatedOnToolsVersion = 9.3.1;
					};
				};
			};
			buildConfigurationList = E394BC3F20B2B7FF00CE0330 /* Build configuration list for PBXProject "Sample" */;
			compatibilityVersion = "Xcode 9.3";
			developmentRegion = en;
			hasScannedForEncodings = 0;
			knownRegions = (
				en,
				Base,
			);
			mainGroup = E394BC3B20B2B7FF00CE0330;
			productRefGroup = E394BC4520B2B7FF00CE0330 /* Products */;
			projectDirPath = "";
			projectRoot = "";
			targets = (
				E394BC4320B2B7FF00CE0330 /* Sample */,
			);
		};
/* End PBXProject section */

/* Begin PBXResourcesBuildPhase section */
		E394BC4220B2B7FF00CE0330 /* Resources */ = {
			isa = PBXResourcesBuildPhase;
			buildActionMask = 2147483647;
			files = (
				E394BC5420B2B80000CE0330 /* LaunchScreen.storyboard in Resources */,
				E394BC5120B2B80000CE0330 /* Assets.xcassets in Resources */,
				E394BC4F20B2B7FF00CE0330 /* Main.storyboard in Resources */,
			);
			runOnlyForDeploymentPostprocessing = 0;
		};
/* End PBXResourcesBuildPhase section */

/* Begin PBXSourcesBuildPhase section */
		E394BC4020B2B7FF00CE0330 /* Sources */ = {
			isa = PBXSourcesBuildPhase;
			buildActionMask = 2147483647;
			files = (
				E394BC5F20B2B8ED00CE0330 /* JSAlertView.m in Sources */,
				E394BC4C20B2B7FF00CE0330 /* ViewController.m in Sources */,
				E394BC5720B2B80000CE0330 /* main.m in Sources */,
				E394BC4920B2B7FF00CE0330 /* AppDelegate.m in Sources */,
			);
			runOnlyForDeploymentPostprocessing = 0;
		};
/* End PBXSourcesBuildPhase section */

/* Begin PBXVariantGroup section */
		E394BC4D20B2B7FF00CE0330 /* Main.storyboard */ = {
			isa = PBXVariantGroup;
			children = (
				E394BC4E20B2B7FF00CE0330 /* Base */,
			);
			name = Main.storyboard;
			sourceTree = "<group>";
		};
		E394BC5220B2B80000CE0330 /* LaunchScreen.storyboard */ = {
			isa = PBXVariantGroup;
			children = (
				E394BC5320B2B80000CE0330 /* Base */,
			);
			name = LaunchScreen.storyboard;
			sourceTree = "<group>";
		};
/* End PBXVariantGroup section */

/* Begin XCBuildConfiguration section */
		E394BC5820B2B80000CE0330 /* Debug */ = {
			isa = XCBuildConfiguration;
			buildSettings = {
				ALWAYS_SEARCH_USER_PATHS = NO;
				CLANG_ANALYZER_NONNULL = YES;
				CLANG_ANALYZER_NUMBER_OBJECT_CONVERSION = YES_AGGRESSIVE;
				CLANG_CXX_LANGUAGE_STANDARD = "gnu++14";
				CLANG_CXX_LIBRARY = "libc++";
				CLANG_ENABLE_MODULES = YES;
				CLANG_ENABLE_OBJC_ARC = YES;
				CLANG_ENABLE_OBJC_WEAK = YES;
				CLANG_WARN_BLOCK_CAPTURE_AUTORELEASING = YES;
				CLANG_WARN_BOOL_CONVERSION = YES;
				CLANG_WARN_COMMA = YES;
				CLANG_WARN_CONSTANT_CONVERSION = YES;
				CLANG_WARN_DEPRECATED_OBJC_IMPLEMENTATIONS = YES;
				CLANG_WARN_DIRECT_OBJC_ISA_USAGE = YES_ERROR;
				CLANG_WARN_DOCUMENTATION_COMMENTS = YES;
				CLANG_WARN_EMPTY_BODY = YES;
				CLANG_WARN_ENUM_CONVERSION = YES;
				CLANG_WARN_INFINITE_RECURSION = YES;
				CLANG_WARN_INT_CONVERSION = YES;
				CLANG_WARN_NON_LITERAL_NULL_CONVERSION = YES;
				CLANG_WARN_OBJC_IMPLICIT_RETAIN_SELF = YES;
				CLANG_WARN_OBJC_LITERAL_CONVERSION = YES;
				CLANG_WARN_OBJC_ROOT_CLASS = YES_ERROR;
				CLANG_WARN_RANGE_LOOP_ANALYSIS = YES;
				CLANG_WARN_STRICT_PROTOTYPES = YES;
				CLANG_WARN_SUSPICIOUS_MOVE = YES;
				CLANG_WARN_UNGUARDED_AVAILABILITY = YES_AGGRESSIVE;
				CLANG_WARN_UNREACHABLE_CODE = YES;
				CLANG_WARN__DUPLICATE_METHOD_MATCH = YES;
				CODE_SIGN_IDENTITY = "iPhone Developer";
				COPY_PHASE_STRIP = NO;
				DEBUG_INFORMATION_FORMAT = dwarf;
				ENABLE_STRICT_OBJC_MSGSEND = YES;
				ENABLE_TESTABILITY = YES;
				GCC_C_LANGUAGE_STANDARD = gnu11;
				GCC_DYNAMIC_NO_PIC = NO;
				GCC_NO_COMMON_BLOCKS = YES;
				GCC_OPTIMIZATION_LEVEL = 0;
				GCC_PREPROCESSOR_DEFINITIONS = (
					"DEBUG=1",
					"$(inherited)",
				);
				GCC_WARN_64_TO_32_BIT_CONVERSION = YES;
				GCC_WARN_ABOUT_RETURN_TYPE = YES_ERROR;
				GCC_WARN_UNDECLARED_SELECTOR = YES;
				GCC_WARN_UNINITIALIZED_AUTOS = YES_AGGRESSIVE;
				GCC_WARN_UNUSED_FUNCTION = YES;
				GCC_WARN_UNUSED_VARIABLE = YES;
				IPHONEOS_DEPLOYMENT_TARGET = 11.3;
				MTL_ENABLE_DEBUG_INFO = YES;
				ONLY_ACTIVE_ARCH = YES;
				SDKROOT = iphoneos;
			};
			name = Debug;
		};
		E394BC5920B2B80000CE0330 /* Release */ = {
			isa = XCBuildConfiguration;
			buildSettings = {
				ALWAYS_SEARCH_USER_PATHS = NO;
				CLANG_ANALYZER_NONNULL = YES;
				CLANG_ANALYZER_NUMBER_OBJECT_CONVERSION = YES_AGGRESSIVE;
				CLANG_CXX_LANGUAGE_STANDARD = "gnu++14";
				CLANG_CXX_LIBRARY = "libc++";
				CLANG_ENABLE_MODULES = YES;
				CLANG_ENABLE_OBJC_ARC = YES;
				CLANG_ENABLE_OBJC_WEAK = YES;
				CLANG_WARN_BLOCK_CAPTURE_AUTORELEASING = YES;
				CLANG_WARN_BOOL_CONVERSION = YES;
				CLANG_WARN_COMMA = YES;
				CLANG_WARN_CONSTANT_CONVERSION = YES;
				CLANG_WARN_DEPRECATED_OBJC_IMPLEMENTATIONS = YES;
				CLANG_WARN_DIRECT_OBJC_ISA_USAGE = YES_ERROR;
				CLANG_WARN_DOCUMENTATION_COMMENTS = YES;
				CLANG_WARN_EMPTY_BODY = YES;
				CLANG_WARN_ENUM_CONVERSION = YES;
				CLANG_WARN_INFINITE_RECURSION = YES;
				CLANG_WARN_INT_CONVERSION = YES;
				CLANG_WARN_NON_LITERAL_NULL_CONVERSION = YES;
				CLANG_WARN_OBJC_IMPLICIT_RETAIN_SELF = YES;
				CLANG_WARN_OBJC_LITERAL_CONVERSION = YES;
				CLANG_WARN_OBJC_ROOT_CLASS = YES_ERROR;
				CLANG_WARN_RANGE_LOOP_ANALYSIS = YES;
				CLANG_WARN_STRICT_PROTOTYPES = YES;
				CLANG_WARN_SUSPICIOUS_MOVE = YES;
				CLANG_WARN_UNGUARDED_AVAILABILITY = YES_AGGRESSIVE;
				CLANG_WARN_UNREACHABLE_CODE = YES;
				CLANG_WARN__DUPLICATE_METHOD_MATCH = YES;
				CODE_SIGN_IDENTITY = "iPhone Developer";
				COPY_PHASE_STRIP = NO;
				DEBUG_INFORMATION_FORMAT = "dwarf-with-dsym";
				ENABLE_NS_ASSERTIONS = NO;
				ENABLE_STRICT_OBJC_MSGSEND = YES;
				GCC_C_LANGUAGE_STANDARD = gnu11;
				GCC_NO_COMMON_BLOCKS = YES;
				GCC_WARN_64_TO_32_BIT_CONVERSION = YES;
				GCC_WARN_ABOUT_RETURN_TYPE = YES_ERROR;
				GCC_WARN_UNDECLARED_SELECTOR = YES;
				GCC_WARN_UNINITIALIZED_AUTOS = YES_AGGRESSIVE;
				GCC_WARN_UNUSED_FUNCTION = YES;
				GCC_WARN_UNUSED_VARIABLE = YES;
				IPHONEOS_DEPLOYMENT_TARGET = 11.3;
				MTL_ENABLE_DEBUG_INFO = NO;
				SDKROOT = iphoneos;
				VALIDATE_PRODUCT = YES;
			};
			name = Release;
		};
		E394BC5B20B2B80000CE0330 /* Debug */ = {
			isa = XCBuildConfiguration;
			buildSettings = {
				ASSETCATALOG_COMPILER_APPICON_NAME = AppIcon;
				CODE_SIGN_STYLE = Automatic;
				INFOPLIST_FILE = Sample/Info.plist;
				LD_RUNPATH_SEARCH_PATHS = (
					"$(inherited)",
					"@executable_path/Frameworks",
				);
				PRODUCT_BUNDLE_IDENTIFIER = com.coinplug.Sample;
				PRODUCT_NAME = "$(TARGET_NAME)";
				TARGETED_DEVICE_FAMILY = "1,2";
			};
			name = Debug;
		};
		E394BC5C20B2B80000CE0330 /* Release */ = {
			isa = XCBuildConfiguration;
			buildSettings = {
				ASSETCATALOG_COMPILER_APPICON_NAME = AppIcon;
				CODE_SIGN_STYLE = Automatic;
				INFOPLIST_FILE = Sample/Info.plist;
				LD_RUNPATH_SEARCH_PATHS = (
					"$(inherited)",
					"@executable_path/Frameworks",
				);
				PRODUCT_BUNDLE_IDENTIFIER = com.coinplug.Sample;
				PRODUCT_NAME = "$(TARGET_NAME)";
				TARGETED_DEVICE_FAMILY = "1,2";
			};
			name = Release;
		};
/* End XCBuildConfiguration section */

/* Begin XCConfigurationList section */
		E394BC3F20B2B7FF00CE0330 /* Build configuration list for PBXProject "Sample" */ = {
			isa = XCConfigurationList;
			buildConfigurations = (
				E394BC5820B2B80000CE0330 /* Debug */,
				E394BC5920B2B80000CE0330 /* Release */,
			);
			defaultConfigurationIsVisible = 0;
			defaultConfigurationName = Release;
		};
		E394BC5A20B2B80000CE0330 /* Build configuration list for PBXNativeTarget "Sample" */ = {
			isa = XCConfigurationList;
			buildConfigurations = (
				E394BC5B20B2B80000CE0330 /* Debug */,
				E394BC5C20B2B80000CE0330 /* Release */,
			);
			defaultConfigurationIsVisible = 0;
			defaultConfigurationName = Release;
		};
/* End XCConfigurationList section */
	};
	rootObject = E394BC3C20B2B7FF00CE0330 /* Project object */;
}
